{
  "object": {
    "pins": [
      {
        "package": "AtlasKit",
        "repositoryURL": "https://github.com/appoly/AtlasKit",
        "state": {
          "branch": "master",
          "revision": "551e6d056e3556a64eaf94a061b23f2aa206fc75",
          "version": null
        }
      }
    ]
  },
  "version": 1
}
