// !$*UTF8*$!
{
	archiveVersion = 1;
	classes = {
	};
	objectVersion = 55;
	objects = {

/* Begin PBXBuildFile section */
		68B1503C27E3D27800DD02F9 /* AppDelegate.swift in Sources */ = {isa = PBXBuildFile; fileRef = 68B1503B27E3D27800DD02F9 /* AppDelegate.swift */; };
		68B1503E27E3D27800DD02F9 /* SceneDelegate.swift in Sources */ = {isa = PBXBuildFile; fileRef = 68B1503D27E3D27800DD02F9 /* SceneDelegate.swift */; };
		68B1504327E3D27800DD02F9 /* Main.storyboard in Resources */ = {isa = PBXBuildFile; fileRef = 68B1504127E3D27800DD02F9 /* Main.storyboard */; };
		68B1504527E3D27A00DD02F9 /* Assets.xcassets in Resources */ = {isa = PBXBuildFile; fileRef = 68B1504427E3D27A00DD02F9 /* Assets.xcassets */; };
		68B1504827E3D27A00DD02F9 /* LaunchScreen.storyboard in Resources */ = {isa = PBXBuildFile; fileRef = 68B1504627E3D27A00DD02F9 /* LaunchScreen.storyboard */; };
		68B1505427E3E2D700DD02F9 /* TabBarController.swift in Sources */ = {isa = PBXBuildFile; fileRef = 68B1505327E3E2D700DD02F9 /* TabBarController.swift */; };
		68B1505627E3E2FD00DD02F9 /* LocationSearchViewController.swift in Sources */ = {isa = PBXBuildFile; fileRef = 68B1505527E3E2FD00DD02F9 /* LocationSearchViewController.swift */; };
		68B1505927E3E33100DD02F9 /* AtlasKit in Frameworks */ = {isa = PBXBuildFile; productRef = 68B1505827E3E33100DD02F9 /* AtlasKit */; };
/* End PBXBuildFile section */

/* Begin PBXFileReference section */
		68B1503827E3D27800DD02F9 /* UIKitExample.app */ = {isa = PBXFileReference; explicitFileType = wrapper.application; includeInIndex = 0; path = UIKitExample.app; sourceTree = BUILT_PRODUCTS_DIR; };
		68B1503B27E3D27800DD02F9 /* AppDelegate.swift */ = {isa = PBXFileReference; lastKnownFileType = sourcecode.swift; path = AppDelegate.swift; sourceTree = "<group>"; };
		68B1503D27E3D27800DD02F9 /* SceneDelegate.swift */ = {isa = PBXFileReference; lastKnownFileType = sourcecode.swift; path = SceneDelegate.swift; sourceTree = "<group>"; };
		68B1504227E3D27800DD02F9 /* Base */ = {isa = PBXFileReference; lastKnownFileType = file.storyboard; name = Base; path = Base.lproj/Main.storyboard; sourceTree = "<group>"; };
		68B1504427E3D27A00DD02F9 /* Assets.xcassets */ = {isa = PBXFileReference; lastKnownFileType = folder.assetcatalog; path = Assets.xcassets; sourceTree = "<group>"; };
		68B1504727E3D27A00DD02F9 /* Base */ = {isa = PBXFileReference; lastKnownFileType = file.storyboard; name = Base; path = Base.lproj/LaunchScreen.storyboard; sourceTree = "<group>"; };
		68B1504927E3D27A00DD02F9 /* Info.plist */ = {isa = PBXFileReference; lastKnownFileType = text.plist.xml; path = Info.plist; sourceTree = "<group>"; };
		68B1505327E3E2D700DD02F9 /* TabBarController.swift */ = {isa = PBXFileReference; lastKnownFileType = sourcecode.swift; path = TabBarController.swift; sourceTree = "<group>"; };
		68B1505527E3E2FD00DD02F9 /* LocationSearchViewController.swift */ = {isa = PBXFileReference; lastKnownFileType = sourcecode.swift; path = LocationSearchViewController.swift; sourceTree = "<group>"; };
/* End PBXFileReference section */

/* Begin PBXFrameworksBuildPhase section */
		68B1503527E3D27800DD02F9 /* Frameworks */ = {
			isa = PBXFrameworksBuildPhase;
			buildActionMask = 2147483647;
			files = (
				68B1505927E3E33100DD02F9 /* AtlasKit in Frameworks */,
			);
			runOnlyForDeploymentPostprocessing = 0;
		};
/* End PBXFrameworksBuildPhase section */

/* Begin PBXGroup section */
		68B1502F27E3D27800DD02F9 = {
			isa = PBXGroup;
			children = (
				68B1503A27E3D27800DD02F9 /* UIKitExample */,
				68B1503927E3D27800DD02F9 /* Products */,
			);
			sourceTree = "<group>";
		};
		68B1503927E3D27800DD02F9 /* Products */ = {
			isa = PBXGroup;
			children = (
				68B1503827E3D27800DD02F9 /* UIKitExample.app */,
			);
			name = Products;
			sourceTree = "<group>";
		};
		68B1503A27E3D27800DD02F9 /* UIKitExample */ = {
			isa = PBXGroup;
			children = (
				68B1504F27E3D3D100DD02F9 /* App */,
				68B1505027E3D3D900DD02F9 /* Resources */,
				68B1505127E3D3E300DD02F9 /* Views */,
			);
			path = UIKitExample;
			sourceTree = "<group>";
		};
		68B1504F27E3D3D100DD02F9 /* App */ = {
			isa = PBXGroup;
			children = (
				68B1503B27E3D27800DD02F9 /* AppDelegate.swift */,
				68B1503D27E3D27800DD02F9 /* SceneDelegate.swift */,
				68B1504927E3D27A00DD02F9 /* Info.plist */,
			);
			path = App;
			sourceTree = "<group>";
		};
		68B1505027E3D3D900DD02F9 /* Resources */ = {
			isa = PBXGroup;
			children = (
				68B1504427E3D27A00DD02F9 /* Assets.xcassets */,
				68B1504627E3D27A00DD02F9 /* LaunchScreen.storyboard */,
			);
			path = Resources;
			sourceTree = "<group>";
		};
		68B1505127E3D3E300DD02F9 /* Views */ = {
			isa = PBXGroup;
			children = (
				68B1505227E3D3EC00DD02F9 /* Main */,
			);
			path = Views;
			sourceTree = "<group>";
		};
		68B1505227E3D3EC00DD02F9 /* Main */ = {
			isa = PBXGroup;
			children = (
				68B1504127E3D27800DD02F9 /* Main.storyboard */,
				68B1505327E3E2D700DD02F9 /* TabBarController.swift */,
				68B1505527E3E2FD00DD02F9 /* LocationSearchViewController.swift */,
			);
			path = Main;
			sourceTree = "<group>";
		};
/* End PBXGroup section */

/* Begin PBXNativeTarget section */
		68B1503727E3D27800DD02F9 /* UIKitExample */ = {
			isa = PBXNativeTarget;
			buildConfigurationList = 68B1504C27E3D27A00DD02F9 /* Build configuration list for PBXNativeTarget "UIKitExample" */;
			buildPhases = (
				68B1503427E3D27800DD02F9 /* Sources */,
				68B1503527E3D27800DD02F9 /* Frameworks */,
				68B1503627E3D27800DD02F9 /* Resources */,
			);
			buildRules = (
			);
			dependencies = (
			);
			name = UIKitExample;
			packageProductDependencies = (
				68B1505827E3E33100DD02F9 /* AtlasKit */,
			);
			productName = UIKitExample;
			productReference = 68B1503827E3D27800DD02F9 /* UIKitExample.app */;
			productType = "com.apple.product-type.application";
		};
/* End PBXNativeTarget section */

/* Begin PBXProject section */
		68B1503027E3D27800DD02F9 /* Project object */ = {
			isa = PBXProject;
			attributes = {
				BuildIndependentTargetsInParallel = 1;
				LastSwiftUpdateCheck = 1300;
				LastUpgradeCheck = 1300;
				TargetAttributes = {
					68B1503727E3D27800DD02F9 = {
						CreatedOnToolsVersion = 13.0;
					};
				};
			};
			buildConfigurationList = 68B1503327E3D27800DD02F9 /* Build configuration list for PBXProject "UIKitExample" */;
			compatibilityVersion = "Xcode 13.0";
			developmentRegion = en;
			hasScannedForEncodings = 0;
			knownRegions = (
				en,
				Base,
			);
			mainGroup = 68B1502F27E3D27800DD02F9;
			packageReferences = (
				68B1505727E3E33100DD02F9 /* XCRemoteSwiftPackageReference "AtlasKit" */,
			);
			productRefGroup = 68B1503927E3D27800DD02F9 /* Products */;
			projectDirPath = "";
			projectRoot = "";
			targets = (
				68B1503727E3D27800DD02F9 /* UIKitExample */,
			);
		};
/* End PBXProject section */

/* Begin PBXResourcesBuildPhase section */
		68B1503627E3D27800DD02F9 /* Resources */ = {
			isa = PBXResourcesBuildPhase;
			buildActionMask = 2147483647;
			files = (
				68B1504827E3D27A00DD02F9 /* LaunchScreen.storyboard in Resources */,
				68B1504527E3D27A00DD02F9 /* Assets.xcassets in Resources */,
				68B1504327E3D27800DD02F9 /* Main.storyboard in Resources */,
			);
			runOnlyForDeploymentPostprocessing = 0;
		};
/* End PBXResourcesBuildPhase section */

/* Begin PBXSourcesBuildPhase section */
		68B1503427E3D27800DD02F9 /* Sources */ = {
			isa = PBXSourcesBuildPhase;
			buildActionMask = 2147483647;
			files = (
				68B1505427E3E2D700DD02F9 /* TabBarController.swift in Sources */,
				68B1503C27E3D27800DD02F9 /* AppDelegate.swift in Sources */,
				68B1503E27E3D27800DD02F9 /* SceneDelegate.swift in Sources */,
				68B1505627E3E2FD00DD02F9 /* LocationSearchViewController.swift in Sources */,
			);
			runOnlyForDeploymentPostprocessing = 0;
		};
/* End PBXSourcesBuildPhase section */

/* Begin PBXVariantGroup section */
		68B1504127E3D27800DD02F9 /* Main.storyboard */ = {
			isa = PBXVariantGroup;
			children = (
				68B1504227E3D27800DD02F9 /* Base */,
			);
			name = Main.storyboard;
			sourceTree = "<group>";
		};
		68B1504627E3D27A00DD02F9 /* LaunchScreen.storyboard */ = {
			isa = PBXVariantGroup;
			children = (
				68B1504727E3D27A00DD02F9 /* Base */,
			);
			name = LaunchScreen.storyboard;
			sourceTree = "<group>";
		};
/* End PBXVariantGroup section */

/* Begin XCBuildConfiguration section */
		68B1504A27E3D27A00DD02F9 /* Debug */ = {
			isa = XCBuildConfiguration;
			buildSettings = {
				ALWAYS_SEARCH_USER_PATHS = NO;
				CLANG_ANALYZER_NONNULL = YES;
				CLANG_ANALYZER_NUMBER_OBJECT_CONVERSION = YES_AGGRESSIVE;
				CLANG_CXX_LANGUAGE_STANDARD = "gnu++17";
				CLANG_CXX_LIBRARY = "libc++";
				CLANG_ENABLE_MODULES = YES;
				CLANG_ENABLE_OBJC_ARC = YES;
				CLANG_ENABLE_OBJC_WEAK = YES;
				CLANG_WARN_BLOCK_CAPTURE_AUTORELEASING = YES;
				CLANG_WARN_BOOL_CONVERSION = YES;
				CLANG_WARN_COMMA = YES;
				CLANG_WARN_CONSTANT_CONVERSION = YES;
				CLANG_WARN_DEPRECATED_OBJC_IMPLEMENTATIONS = YES;
				CLANG_WARN_DIRECT_OBJC_ISA_USAGE = YES_ERROR;
				CLANG_WARN_DOCUMENTATION_COMMENTS = YES;
				CLANG_WARN_EMPTY_BODY = YES;
				CLANG_WARN_ENUM_CONVERSION = YES;
				CLANG_WARN_INFINITE_RECURSION = YES;
				CLANG_WARN_INT_CONVERSION = YES;
				CLANG_WARN_NON_LITERAL_NULL_CONVERSION = YES;
				CLANG_WARN_OBJC_IMPLICIT_RETAIN_SELF = YES;
				CLANG_WARN_OBJC_LITERAL_CONVERSION = YES;
				CLANG_WARN_OBJC_ROOT_CLASS = YES_ERROR;
				CLANG_WARN_QUOTED_INCLUDE_IN_FRAMEWORK_HEADER = YES;
				CLANG_WARN_RANGE_LOOP_ANALYSIS = YES;
				CLANG_WARN_STRICT_PROTOTYPES = YES;
				CLANG_WARN_SUSPICIOUS_MOVE = YES;
				CLANG_WARN_UNGUARDED_AVAILABILITY = YES_AGGRESSIVE;
				CLANG_WARN_UNREACHABLE_CODE = YES;
				CLANG_WARN__DUPLICATE_METHOD_MATCH = YES;
				COPY_PHASE_STRIP = NO;
				DEBUG_INFORMATION_FORMAT = dwarf;
				ENABLE_STRICT_OBJC_MSGSEND = YES;
				ENABLE_TESTABILITY = YES;
				GCC_C_LANGUAGE_STANDARD = gnu11;
				GCC_DYNAMIC_NO_PIC = NO;
				GCC_NO_COMMON_BLOCKS = YES;
				GCC_OPTIMIZATION_LEVEL = 0;
				GCC_PREPROCESSOR_DEFINITIONS = (
					"DEBUG=1",
					"$(inherited)",
				);
				GCC_WARN_64_TO_32_BIT_CONVERSION = YES;
				GCC_WARN_ABOUT_RETURN_TYPE = YES_ERROR;
				GCC_WARN_UNDECLARED_SELECTOR = YES;
				GCC_WARN_UNINITIALIZED_AUTOS = YES_AGGRESSIVE;
				GCC_WARN_UNUSED_FUNCTION = YES;
				GCC_WARN_UNUSED_VARIABLE = YES;
				IPHONEOS_DEPLOYMENT_TARGET = 15.0;
				MTL_ENABLE_DEBUG_INFO = INCLUDE_SOURCE;
				MTL_FAST_MATH = YES;
				ONLY_ACTIVE_ARCH = YES;
				SDKROOT = iphoneos;
				SWIFT_ACTIVE_COMPILATION_CONDITIONS = DEBUG;
				SWIFT_OPTIMIZATION_LEVEL = "-Onone";
			};
			name = Debug;
		};
		68B1504B27E3D27A00DD02F9 /* Release */ = {
			isa = XCBuildConfiguration;
			buildSettings = {
				ALWAYS_SEARCH_USER_PATHS = NO;
				CLANG_ANALYZER_NONNULL = YES;
				CLANG_ANALYZER_NUMBER_OBJECT_CONVERSION = YES_AGGRESSIVE;
				CLANG_CXX_LANGUAGE_STANDARD = "gnu++17";
				CLANG_CXX_LIBRARY = "libc++";
				CLANG_ENABLE_MODULES = YES;
				CLANG_ENABLE_OBJC_ARC = YES;
				CLANG_ENABLE_OBJC_WEAK = YES;
				CLANG_WARN_BLOCK_CAPTURE_AUTORELEASING = YES;
				CLANG_WARN_BOOL_CONVERSION = YES;
				CLANG_WARN_COMMA = YES;
				CLANG_WARN_CONSTANT_CONVERSION = YES;
				CLANG_WARN_DEPRECATED_OBJC_IMPLEMENTATIONS = YES;
				CLANG_WARN_DIRECT_OBJC_ISA_USAGE = YES_ERROR;
				CLANG_WARN_DOCUMENTATION_COMMENTS = YES;
				CLANG_WARN_EMPTY_BODY = YES;
				CLANG_WARN_ENUM_CONVERSION = YES;
				CLANG_WARN_INFINITE_RECURSION = YES;
				CLANG_WARN_INT_CONVERSION = YES;
				CLANG_WARN_NON_LITERAL_NULL_CONVERSION = YES;
				CLANG_WARN_OBJC_IMPLICIT_RETAIN_SELF = YES;
				CLANG_WARN_OBJC_LITERAL_CONVERSION = YES;
				CLANG_WARN_OBJC_ROOT_CLASS = YES_ERROR;
				CLANG_WARN_QUOTED_INCLUDE_IN_FRAMEWORK_HEADER = YES;
				CLANG_WARN_RANGE_LOOP_ANALYSIS = YES;
				CLANG_WARN_STRICT_PROTOTYPES = YES;
				CLANG_WARN_SUSPICIOUS_MOVE = YES;
				CLANG_WARN_UNGUARDED_AVAILABILITY = YES_AGGRESSIVE;
				CLANG_WARN_UNREACHABLE_CODE = YES;
				CLANG_WARN__DUPLICATE_METHOD_MATCH = YES;
				COPY_PHASE_STRIP = NO;
				DEBUG_INFORMATION_FORMAT = "dwarf-with-dsym";
				ENABLE_NS_ASSERTIONS = NO;
				ENABLE_STRICT_OBJC_MSGSEND = YES;
				GCC_C_LANGUAGE_STANDARD = gnu11;
				GCC_NO_COMMON_BLOCKS = YES;
				GCC_WARN_64_TO_32_BIT_CONVERSION = YES;
				GCC_WARN_ABOUT_RETURN_TYPE = YES_ERROR;
				GCC_WARN_UNDECLARED_SELECTOR = YES;
				GCC_WARN_UNINITIALIZED_AUTOS = YES_AGGRESSIVE;
				GCC_WARN_UNUSED_FUNCTION = YES;
				GCC_WARN_UNUSED_VARIABLE = YES;
				IPHONEOS_DEPLOYMENT_TARGET = 15.0;
				MTL_ENABLE_DEBUG_INFO = NO;
				MTL_FAST_MATH = YES;
				SDKROOT = iphoneos;
				SWIFT_COMPILATION_MODE = wholemodule;
				SWIFT_OPTIMIZATION_LEVEL = "-O";
				VALIDATE_PRODUCT = YES;
			};
			name = Release;
		};
		68B1504D27E3D27A00DD02F9 /* Debug */ = {
			isa = XCBuildConfiguration;
			buildSettings = {
				ASSETCATALOG_COMPILER_APPICON_NAME = AppIcon;
				ASSETCATALOG_COMPILER_GLOBAL_ACCENT_COLOR_NAME = AccentColor;
				CODE_SIGN_STYLE = Automatic;
				CURRENT_PROJECT_VERSION = 1;
				DEVELOPMENT_TEAM = X439R68L28;
				GENERATE_INFOPLIST_FILE = YES;
				INFOPLIST_FILE = UIKitExample/App/Info.plist;
				INFOPLIST_KEY_UIApplicationSupportsIndirectInputEvents = YES;
				INFOPLIST_KEY_UILaunchStoryboardName = LaunchScreen;
				INFOPLIST_KEY_UIMainStoryboardFile = Main;
				INFOPLIST_KEY_UISupportedInterfaceOrientations_iPad = "UIInterfaceOrientationPortrait UIInterfaceOrientationPortraitUpsideDown UIInterfaceOrientationLandscapeLeft UIInterfaceOrientationLandscapeRight";
				INFOPLIST_KEY_UISupportedInterfaceOrientations_iPhone = "UIInterfaceOrientationPortrait UIInterfaceOrientationLandscapeLeft UIInterfaceOrientationLandscapeRight";
				LD_RUNPATH_SEARCH_PATHS = (
					"$(inherited)",
					"@executable_path/Frameworks",
				);
				MARKETING_VERSION = 1.0;
				PRODUCT_BUNDLE_IDENTIFIER = uk.co.appoly.UIKitExample;
				PRODUCT_NAME = "$(TARGET_NAME)";
				SWIFT_EMIT_LOC_STRINGS = YES;
				SWIFT_VERSION = 5.0;
				TARGETED_DEVICE_FAMILY = "1,2";
			};
			name = Debug;
		};
		68B1504E27E3D27A00DD02F9 /* Release */ = {
			isa = XCBuildConfiguration;
			buildSettings = {
				ASSETCATALOG_COMPILER_APPICON_NAME = AppIcon;
				ASSETCATALOG_COMPILER_GLOBAL_ACCENT_COLOR_NAME = AccentColor;
				CODE_SIGN_STYLE = Automatic;
				CURRENT_PROJECT_VERSION = 1;
				DEVELOPMENT_TEAM = X439R68L28;
				GENERATE_INFOPLIST_FILE = YES;
				INFOPLIST_FILE = UIKitExample/App/Info.plist;
				INFOPLIST_KEY_UIApplicationSupportsIndirectInputEvents = YES;
				INFOPLIST_KEY_UILaunchStoryboardName = LaunchScreen;
				INFOPLIST_KEY_UIMainStoryboardFile = Main;
				INFOPLIST_KEY_UISupportedInterfaceOrientations_iPad = "UIInterfaceOrientationPortrait UIInterfaceOrientationPortraitUpsideDown UIInterfaceOrientationLandscapeLeft UIInterfaceOrientationLandscapeRight";
				INFOPLIST_KEY_UISupportedInterfaceOrientations_iPhone = "UIInterfaceOrientationPortrait UIInterfaceOrientationLandscapeLeft UIInterfaceOrientationLandscapeRight";
				LD_RUNPATH_SEARCH_PATHS = (
					"$(inherited)",
					"@executable_path/Frameworks",
				);
				MARKETING_VERSION = 1.0;
				PRODUCT_BUNDLE_IDENTIFIER = uk.co.appoly.UIKitExample;
				PRODUCT_NAME = "$(TARGET_NAME)";
				SWIFT_EMIT_LOC_STRINGS = YES;
				SWIFT_VERSION = 5.0;
				TARGETED_DEVICE_FAMILY = "1,2";
			};
			name = Release;
		};
/* End XCBuildConfiguration section */

/* Begin XCConfigurationList section */
		68B1503327E3D27800DD02F9 /* Build configuration list for PBXProject "UIKitExample" */ = {
			isa = XCConfigurationList;
			buildConfigurations = (
				68B1504A27E3D27A00DD02F9 /* Debug */,
				68B1504B27E3D27A00DD02F9 /* Release */,
			);
			defaultConfigurationIsVisible = 0;
			defaultConfigurationName = Release;
		};
		68B1504C27E3D27A00DD02F9 /* Build configuration list for PBXNativeTarget "UIKitExample" */ = {
			isa = XCConfigurationList;
			buildConfigurations = (
				68B1504D27E3D27A00DD02F9 /* Debug */,
				68B1504E27E3D27A00DD02F9 /* Release */,
			);
			defaultConfigurationIsVisible = 0;
			defaultConfigurationName = Release;
		};
/* End XCConfigurationList section */

/* Begin XCRemoteSwiftPackageReference section */
		68B1505727E3E33100DD02F9 /* XCRemoteSwiftPackageReference "AtlasKit" */ = {
			isa = XCRemoteSwiftPackageReference;
			repositoryURL = "https://github.com/appoly/AtlasKit";
			requirement = {
				branch = master;
				kind = branch;
			};
		};
/* End XCRemoteSwiftPackageReference section */

/* Begin XCSwiftPackageProductDependency section */
		68B1505827E3E33100DD02F9 /* AtlasKit */ = {
			isa = XCSwiftPackageProductDependency;
			package = 68B1505727E3E33100DD02F9 /* XCRemoteSwiftPackageReference "AtlasKit" */;
			productName = AtlasKit;
		};
/* End XCSwiftPackageProductDependency section */
	};
	rootObject = 68B1503027E3D27800DD02F9 /* Project object */;
}
